
Microsoft Visual Studio Solution File, Format Version 12.00
# Visual Studio Version 16
VisualStudioVersion = 16.0.28729.10
MinimumVisualStudioVersion = 10.0.40219.1
Project("{FAE04EC0-301F-11D3-BF4B-00C04F79EFBC}") = "PasteIntoFile", "PasteIntoFile\PasteIntoFile.csproj", "{F6F4215C-6CD7-4279-9C4C-C2DA9A823D0C}"
EndProject
Project("{9A19103F-16F7-4668-BE54-9A1E7A4F7556}") = "WebP", "WebP\WebP.csproj", "{D0BAB316-8DF0-4955-8B5A-E4909402A906}"
EndProject
Global
	GlobalSection(SolutionConfigurationPlatforms) = preSolution
		Debug|Any CPU = Debug|Any CPU
		Release|Any CPU = Release|Any CPU
	EndGlobalSection
	GlobalSection(ProjectConfigurationPlatforms) = postSolution
		{F6F4215C-6CD7-4279-9C4C-C2DA9A823D0C}.Debug|Any CPU.ActiveCfg = Debug|Any CPU
		{F6F4215C-6CD7-4279-9C4C-C2DA9A823D0C}.Debug|Any CPU.Build.0 = Debug|Any CPU
		{F6F4215C-6CD7-4279-9C4C-C2DA9A823D0C}.Release|Any CPU.ActiveCfg = Release|Any CPU
		{F6F4215C-6CD7-4279-9C4C-C2DA9A823D0C}.Release|Any CPU.Build.0 = Release|Any CPU
		{D0BAB316-8DF0-4955-8B5A-E4909402A906}.Debug|Any CPU.ActiveCfg = Debug|Any CPU
		{D0BAB316-8DF0-4955-8B5A-E4909402A906}.Debug|Any CPU.Build.0 = Debug|Any CPU
		{D0BAB316-8DF0-4955-8B5A-E4909402A906}.Release|Any CPU.ActiveCfg = Release|Any CPU
		{D0BAB316-8DF0-4955-8B5A-E4909402A906}.Release|Any CPU.Build.0 = Release|Any CPU
	EndGlobalSection
	GlobalSection(SolutionProperties) = preSolution
		HideSolutionNode = FALSE
	EndGlobalSection
	GlobalSection(ExtensibilityGlobals) = postSolution
		SolutionGuid = {0B728565-6179-4368-8BFE-694F0F5F55BA}
	EndGlobalSection
EndGlobal
